
Microsoft Visual Studio Solution File, Format Version 12.00
# Visual Studio Version 17
VisualStudioVersion = 17.11.35327.3
MinimumVisualStudioVersion = 10.0.40219.1
Project("{9A19103F-16F7-4668-BE54-9A1E7A4F7556}") = "WebAppTest", "WebAppTest.csproj", "{D89E7A5B-97A2-448A-8AFB-CD0D0B3DF410}"
EndProject
Project("{9A19103F-16F7-4668-BE54-9A1E7A4F7556}") = "UnitestWeb", "..\UnitestWeb\UnitestWeb.csproj", "{4B54528C-ECCA-4E94-A73B-EECBFECA98D7}"
EndProject
Global
	GlobalSection(SolutionConfigurationPlatforms) = preSolution
		Debug|Any CPU = Debug|Any CPU
		Release|Any CPU = Release|Any CPU
	EndGlobalSection
	GlobalSection(ProjectConfigurationPlatforms) = postSolution
		{D89E7A5B-97A2-448A-8AFB-CD0D0B3DF410}.Debug|Any CPU.ActiveCfg = Debug|Any CPU
		{D89E7A5B-97A2-448A-8AFB-CD0D0B3DF410}.Debug|Any CPU.Build.0 = Debug|Any CPU
		{D89E7A5B-97A2-448A-8AFB-CD0D0B3DF410}.Release|Any CPU.ActiveCfg = Release|Any CPU
		{D89E7A5B-97A2-448A-8AFB-CD0D0B3DF410}.Release|Any CPU.Build.0 = Release|Any CPU
		{4B54528C-ECCA-4E94-A73B-EECBFECA98D7}.Debug|Any CPU.ActiveCfg = Debug|Any CPU
		{4B54528C-ECCA-4E94-A73B-EECBFECA98D7}.Debug|Any CPU.Build.0 = Debug|Any CPU
		{4B54528C-ECCA-4E94-A73B-EECBFECA98D7}.Release|Any CPU.ActiveCfg = Release|Any CPU
		{4B54528C-ECCA-4E94-A73B-EECBFECA98D7}.Release|Any CPU.Build.0 = Release|Any CPU
	EndGlobalSection
	GlobalSection(SolutionProperties) = preSolution
		HideSolutionNode = FALSE
	EndGlobalSection
	GlobalSection(ExtensibilityGlobals) = postSolution
		SolutionGuid = {B2C8F5EC-D355-4DF3-95E8-863571675233}
	EndGlobalSection
EndGlobal
